{"format_version":"1.1","terraform_version":"1.4.0","planned_values":{"root_module":{"resources":[{"address":"aws_cloudfront_distribution.main","mode":"managed","type":"aws_cloudfront_distribution","name":"main","provider_name":"registry.terraform.io/hashicorp/aws","schema_version":1,"values":{"aliases":["manish.com","www.manish.com"],"comment":null,"custom_error_response":[],"default_cache_behavior":[{"allowed_methods":["GET","HEAD","OPTIONS"],"cache_policy_id":null,"cached_methods":["GET","HEAD","OPTIONS"],"compress":false,"default_ttl":3600,"field_level_encryption_id":null,"forwarded_values":[{"cookies":[{"forward":"none"}],"query_string":false}],"function_association":[],"lambda_function_association":[],"max_ttl":86400,"min_ttl":0,"origin_request_policy_id":null,"realtime_log_config_arn":null,"response_headers_policy_id":null,"smooth_streaming":null,"target_origin_id":"S3-manish-static-files","viewer_protocol_policy":"redirect-to-https"}],"default_root_object":"index.html","enabled":true,"http_version":"http2","is_ipv6_enabled":true,"logging_config":[],"ordered_cache_behavior":[],"origin":[{"connection_attempts":3,"connection_timeout":10,"custom_header":[],"custom_origin_config":[],"origin_access_control_id":"","origin_id":"S3-manish-static-files","origin_path":"","origin_shield":[],"s3_origin_config":[]}],"origin_group":[],"price_class":"PriceClass_100","restrictions":[{"geo_restriction":[{"locations":["CA","DE","GB","US"],"restriction_type":"whitelist"}]}],"retain_on_delete":false,"tags":null,"viewer_certificate":[{"acm_certificate_arn":null,"cloudfront_default_certificate":true,"iam_certificate_id":null,"minimum_protocol_version":"TLSv1","ssl_support_method":null}],"wait_for_deployment":true,"web_acl_id":null},"sensitive_values":{"aliases":[false,false],"custom_error_response":[],"default_cache_behavior":[{"allowed_methods":[false,false,false],"cached_methods":[false,false,false],"forwarded_values":[{"cookies":[{"whitelisted_names":[]}],"headers":[],"query_string_cache_keys":[]}],"function_association":[],"lambda_function_association":[],"trusted_key_groups":[],"trusted_signers":[]}],"logging_config":[],"ordered_cache_behavior":[],"origin":[{"custom_header":[],"custom_origin_config":[],"origin_shield":[],"s3_origin_config":[]}],"origin_group":[],"restrictions":[{"geo_restriction":[{"locations":[false,false,false,false]}]}],"tags_all":{},"trusted_key_groups":[],"trusted_signers":[],"viewer_certificate":[{}]}},{"address":"aws_db_instance.postgres","mode":"managed","type":"aws_db_instance","name":"postgres","provider_name":"registry.terraform.io/hashicorp/aws","schema_version":1,"values":{"allocated_storage":10,"allow_major_version_upgrade":null,"apply_immediately":false,"auto_minor_version_upgrade":true,"blue_green_update":[],"copy_tags_to_snapshot":false,"custom_iam_instance_profile":null,"customer_owned_ip_enabled":null,"db_name":"mydb","db_subnet_group_name":"mydb-subnet-group","delete_automated_backups":true,"deletion_protection":null,"domain":null,"domain_iam_role_name":null,"enabled_cloudwatch_logs_exports":null,"engine":"postgres","engine_version":"11.4","final_snapshot_identifier":null,"iam_database_authentication_enabled":null,"instance_class":"db.t2.micro","max_allocated_storage":null,"monitoring_interval":0,"parameter_group_name":"default.postgres11","password":"password","performance_insights_enabled":false,"publicly_accessible":false,"replicate_source_db":null,"restore_to_point_in_time":[],"s3_import":[],"security_group_names":null,"skip_final_snapshot":true,"storage_encrypted":null,"tags":{"Name":"mydb"},"tags_all":{"Name":"mydb"},"timeouts":null,"username":"admin"},"sensitive_values":{"blue_green_update":[],"listener_endpoint":[],"replicas":[],"restore_to_point_in_time":[],"s3_import":[],"tags":{},"tags_all":{},"vpc_security_group_ids":[]}},{"address":"aws_elb.main","mode":"managed","type":"aws_elb","name":"main","provider_name":"registry.terraform.io/hashicorp/aws","schema_version":0,"values":{"access_logs":[],"connection_draining":false,"connection_draining_timeout":300,"cross_zone_load_balancing":true,"desync_mitigation_mode":"defensive","health_check":[{"healthy_threshold":2,"interval":30,"target":"HTTP:80/","timeout":3,"unhealthy_threshold":2}],"idle_timeout":60,"listener":[{"instance_port":80,"instance_protocol":"http","lb_port":80,"lb_protocol":"http","ssl_certificate_id":""}],"name":"my-elb","name_prefix":null,"tags":null},"sensitive_values":{"access_logs":[],"availability_zones":[],"health_check":[{}],"instances":[],"listener":[{}],"security_groups":[],"subnets":[],"tags_all":{}}},{"address":"aws_instance.app","mode":"managed","type":"aws_instance","name":"app","provider_name":"registry.terraform.io/hashicorp/aws","schema_version":1,"values":{"ami":"ami-0c55b159cbfafe1f0","credit_specification":[],"get_password_data":false,"hibernation":null,"instance_type":"t2.micro","launch_template":[],"source_dest_check":true,"tags":null,"timeouts":null,"user_data":"040c3af4d2cf451b632f188c22f776d5c113fe74","user_data_replace_on_change":false,"volume_tags":null},"sensitive_values":{"capacity_reservation_specification":[],"credit_specification":[],"ebs_block_device":[],"enclave_options":[],"ephemeral_block_device":[],"ipv6_addresses":[],"launch_template":[],"maintenance_options":[],"metadata_options":[],"network_interface":[],"private_dns_name_options":[],"root_block_device":[],"secondary_private_ips":[],"security_groups":[],"tags_all":{},"vpc_security_group_ids":[]}},{"address":"aws_instance.web","mode":"managed","type":"aws_instance","name":"web","provider_name":"registry.terraform.io/hashicorp/aws","schema_version":1,"values":{"ami":"ami-0c55b159cbfafe1f0","credit_specification":[],"get_password_data":false,"hibernation":null,"instance_type":"t2.micro","launch_template":[],"source_dest_check":true,"tags":null,"timeouts":null,"user_data":"db0966a7744388590e02bbb263010bc8e4a89fa0","user_data_replace_on_change":false,"volume_tags":null},"sensitive_values":{"capacity_reservation_specification":[],"credit_specification":[],"ebs_block_device":[],"enclave_options":[],"ephemeral_block_device":[],"ipv6_addresses":[],"launch_template":[],"maintenance_options":[],"metadata_options":[],"network_interface":[],"private_dns_name_options":[],"root_block_device":[],"secondary_private_ips":[],"security_groups":[],"tags_all":{},"vpc_security_group_ids":[]}},{"address":"aws_route53_record.main","mode":"managed","type":"aws_route53_record","name":"main","provider_name":"registry.terraform.io/hashicorp/aws","schema_version":2,"values":{"alias":[{"evaluate_target_health":true}],"cidr_routing_policy":[],"failover_routing_policy":[],"geolocation_routing_policy":[],"health_check_id":null,"latency_routing_policy":[],"multivalue_answer_routing_policy":null,"name":"manish.com","records":null,"set_identifier":null,"ttl":null,"type":"A","weighted_routing_policy":[]},"sensitive_values":{"alias":[{}],"cidr_routing_policy":[],"failover_routing_policy":[],"geolocation_routing_policy":[],"latency_routing_policy":[],"weighted_routing_policy":[]}},{"address":"aws_route53_zone.main","mode":"managed","type":"aws_route53_zone","name":"main","provider_name":"registry.terraform.io/hashicorp/aws","schema_version":0,"values":{"comment":"Managed by Terraform","delegation_set_id":null,"force_destroy":false,"name":"manish.com","tags":null,"vpc":[]},"sensitive_values":{"name_servers":[],"tags_all":{},"vpc":[]}},{"address":"aws_s3_bucket.static","mode":"managed","type":"aws_s3_bucket","name":"static","provider_name":"registry.terraform.io/hashicorp/aws","schema_version":0,"values":{"acl":"public-read","bucket":"manish-static-files","bucket_prefix":null,"force_destroy":false,"tags":null,"timeouts":null,"website":[{"error_document":"404.html","index_document":"index.html","redirect_all_requests_to":null,"routing_rules":null}]},"sensitive_values":{"cors_rule":[],"grant":[],"lifecycle_rule":[],"logging":[],"object_lock_configuration":[],"replication_configuration":[],"server_side_encryption_configuration":[],"tags_all":{},"versioning":[],"website":[{}]}},{"address":"aws_security_group.private","mode":"managed","type":"aws_security_group","name":"private","provider_name":"registry.terraform.io/hashicorp/aws","schema_version":1,"values":{"description":"Managed by Terraform","ingress":[{"cidr_blocks":[],"description":"","from_port":5432,"ipv6_cidr_blocks":[],"prefix_list_ids":[],"protocol":"tcp","self":false,"to_port":5432}],"name_prefix":"private","revoke_rules_on_delete":false,"tags":null,"timeouts":null},"sensitive_values":{"egress":[],"ingress":[{"cidr_blocks":[],"ipv6_cidr_blocks":[],"prefix_list_ids":[],"security_groups":[]}],"tags_all":{}}},{"address":"aws_security_group.public","mode":"managed","type":"aws_security_group","name":"public","provider_name":"registry.terraform.io/hashicorp/aws","schema_version":1,"values":{"description":"Managed by Terraform","ingress":[{"cidr_blocks":["0.0.0.0/0"],"description":"","from_port":80,"ipv6_cidr_blocks":[],"prefix_list_ids":[],"protocol":"tcp","security_groups":[],"self":false,"to_port":80}],"name_prefix":"public","revoke_rules_on_delete":false,"tags":null,"timeouts":null},"sensitive_values":{"egress":[],"ingress":[{"cidr_blocks":[false],"ipv6_cidr_blocks":[],"prefix_list_ids":[],"security_groups":[]}],"tags_all":{}}},{"address":"aws_subnet.private","mode":"managed","type":"aws_subnet","name":"private","provider_name":"registry.terraform.io/hashicorp/aws","schema_version":1,"values":{"assign_ipv6_address_on_creation":false,"availability_zone":"us-east-1b","cidr_block":"10.0.2.0/24","customer_owned_ipv4_pool":null,"enable_dns64":false,"enable_resource_name_dns_a_record_on_launch":false,"enable_resource_name_dns_aaaa_record_on_launch":false,"ipv6_cidr_block":null,"ipv6_native":false,"map_customer_owned_ip_on_launch":null,"map_public_ip_on_launch":false,"outpost_arn":null,"tags":{"Name":"private"},"tags_all":{"Name":"private"},"timeouts":null},"sensitive_values":{"tags":{},"tags_all":{}}},{"address":"aws_subnet.public","mode":"managed","type":"aws_subnet","name":"public","provider_name":"registry.terraform.io/hashicorp/aws","schema_version":1,"values":{"assign_ipv6_address_on_creation":false,"availability_zone":"us-east-1a","cidr_block":"10.0.1.0/24","customer_owned_ipv4_pool":null,"enable_dns64":false,"enable_resource_name_dns_a_record_on_launch":false,"enable_resource_name_dns_aaaa_record_on_launch":false,"ipv6_cidr_block":null,"ipv6_native":false,"map_customer_owned_ip_on_launch":null,"map_public_ip_on_launch":true,"outpost_arn":null,"tags":{"Name":"public"},"tags_all":{"Name":"public"},"timeouts":null},"sensitive_values":{"tags":{},"tags_all":{}}},{"address":"aws_vpc.main","mode":"managed","type":"aws_vpc","name":"main","provider_name":"registry.terraform.io/hashicorp/aws","schema_version":1,"values":{"assign_generated_ipv6_cidr_block":null,"cidr_block":"10.0.0.0/16","enable_dns_support":true,"instance_tenancy":"default","ipv4_ipam_pool_id":null,"ipv4_netmask_length":null,"ipv6_ipam_pool_id":null,"ipv6_netmask_length":null,"tags":{"Name":"main"},"tags_all":{"Name":"main"}},"sensitive_values":{"tags":{},"tags_all":{}}}]}},"resource_changes":[{"address":"aws_cloudfront_distribution.main","mode":"managed","type":"aws_cloudfront_distribution","name":"main","provider_name":"registry.terraform.io/hashicorp/aws","change":{"actions":["create"],"before":null,"after":{"aliases":["manish.com","www.manish.com"],"comment":null,"custom_error_response":[],"default_cache_behavior":[{"allowed_methods":["GET","HEAD","OPTIONS"],"cache_policy_id":null,"cached_methods":["GET","HEAD","OPTIONS"],"compress":false,"default_ttl":3600,"field_level_encryption_id":null,"forwarded_values":[{"cookies":[{"forward":"none"}],"query_string":false}],"function_association":[],"lambda_function_association":[],"max_ttl":86400,"min_ttl":0,"origin_request_policy_id":null,"realtime_log_config_arn":null,"response_headers_policy_id":null,"smooth_streaming":null,"target_origin_id":"S3-manish-static-files","viewer_protocol_policy":"redirect-to-https"}],"default_root_object":"index.html","enabled":true,"http_version":"http2","is_ipv6_enabled":true,"logging_config":[],"ordered_cache_behavior":[],"origin":[{"connection_attempts":3,"connection_timeout":10,"custom_header":[],"custom_origin_config":[],"origin_access_control_id":"","origin_id":"S3-manish-static-files","origin_path":"","origin_shield":[],"s3_origin_config":[]}],"origin_group":[],"price_class":"PriceClass_100","restrictions":[{"geo_restriction":[{"locations":["CA","DE","GB","US"],"restriction_type":"whitelist"}]}],"retain_on_delete":false,"tags":null,"viewer_certificate":[{"acm_certificate_arn":null,"cloudfront_default_certificate":true,"iam_certificate_id":null,"minimum_protocol_version":"TLSv1","ssl_support_method":null}],"wait_for_deployment":true,"web_acl_id":null},"after_unknown":{"aliases":[false,false],"arn":true,"caller_reference":true,"custom_error_response":[],"default_cache_behavior":[{"allowed_methods":[false,false,false],"cached_methods":[false,false,false],"forwarded_values":[{"cookies":[{"whitelisted_names":true}],"headers":true,"query_string_cache_keys":true}],"function_association":[],"lambda_function_association":[],"trusted_key_groups":true,"trusted_signers":true}],"domain_name":true,"etag":true,"hosted_zone_id":true,"id":true,"in_progress_validation_batches":true,"last_modified_time":true,"logging_config":[],"ordered_cache_behavior":[],"origin":[{"custom_header":[],"custom_origin_config":[],"domain_name":true,"origin_shield":[],"s3_origin_config":[]}],"origin_group":[],"restrictions":[{"geo_restriction":[{"locations":[false,false,false,false]}]}],"status":true,"tags_all":true,"trusted_key_groups":true,"trusted_signers":true,"viewer_certificate":[{}]},"before_sensitive":false,"after_sensitive":{"aliases":[false,false],"custom_error_response":[],"default_cache_behavior":[{"allowed_methods":[false,false,false],"cached_methods":[false,false,false],"forwarded_values":[{"cookies":[{"whitelisted_names":[]}],"headers":[],"query_string_cache_keys":[]}],"function_association":[],"lambda_function_association":[],"trusted_key_groups":[],"trusted_signers":[]}],"logging_config":[],"ordered_cache_behavior":[],"origin":[{"custom_header":[],"custom_origin_config":[],"origin_shield":[],"s3_origin_config":[]}],"origin_group":[],"restrictions":[{"geo_restriction":[{"locations":[false,false,false,false]}]}],"tags_all":{},"trusted_key_groups":[],"trusted_signers":[],"viewer_certificate":[{}]}}},{"address":"aws_db_instance.postgres","mode":"managed","type":"aws_db_instance","name":"postgres","provider_name":"registry.terraform.io/hashicorp/aws","change":{"actions":["create"],"before":null,"after":{"allocated_storage":10,"allow_major_version_upgrade":null,"apply_immediately":false,"auto_minor_version_upgrade":true,"blue_green_update":[],"copy_tags_to_snapshot":false,"custom_iam_instance_profile":null,"customer_owned_ip_enabled":null,"db_name":"mydb","db_subnet_group_name":"mydb-subnet-group","delete_automated_backups":true,"deletion_protection":null,"domain":null,"domain_iam_role_name":null,"enabled_cloudwatch_logs_exports":null,"engine":"postgres","engine_version":"11.4","final_snapshot_identifier":null,"iam_database_authentication_enabled":null,"instance_class":"db.t2.micro","max_allocated_storage":null,"monitoring_interval":0,"parameter_group_name":"default.postgres11","password":"password","performance_insights_enabled":false,"publicly_accessible":false,"replicate_source_db":null,"restore_to_point_in_time":[],"s3_import":[],"security_group_names":null,"skip_final_snapshot":true,"storage_encrypted":null,"tags":{"Name":"mydb"},"tags_all":{"Name":"mydb"},"timeouts":null,"username":"admin"},"after_unknown":{"address":true,"arn":true,"availability_zone":true,"backup_retention_period":true,"backup_window":true,"blue_green_update":[],"ca_cert_identifier":true,"character_set_name":true,"endpoint":true,"engine_version_actual":true,"hosted_zone_id":true,"id":true,"identifier":true,"identifier_prefix":true,"iops":true,"kms_key_id":true,"latest_restorable_time":true,"license_model":true,"listener_endpoint":true,"maintenance_window":true,"monitoring_role_arn":true,"multi_az":true,"name":true,"nchar_character_set_name":true,"network_type":true,"option_group_name":true,"performance_insights_kms_key_id":true,"performance_insights_retention_period":true,"port":true,"replica_mode":true,"replicas":true,"resource_id":true,"restore_to_point_in_time":[],"s3_import":[],"snapshot_identifier":true,"status":true,"storage_throughput":true,"storage_type":true,"tags":{},"tags_all":{},"timezone":true,"vpc_security_group_ids":true},"before_sensitive":false,"after_sensitive":{"blue_green_update":[],"listener_endpoint":[],"password":true,"replicas":[],"restore_to_point_in_time":[],"s3_import":[],"tags":{},"tags_all":{},"vpc_security_group_ids":[]}}},{"address":"aws_elb.main","mode":"managed","type":"aws_elb","name":"main","provider_name":"registry.terraform.io/hashicorp/aws","change":{"actions":["create"],"before":null,"after":{"access_logs":[],"connection_draining":false,"connection_draining_timeout":300,"cross_zone_load_balancing":true,"desync_mitigation_mode":"defensive","health_check":[{"healthy_threshold":2,"interval":30,"target":"HTTP:80/","timeout":3,"unhealthy_threshold":2}],"idle_timeout":60,"listener":[{"instance_port":80,"instance_protocol":"http","lb_port":80,"lb_protocol":"http","ssl_certificate_id":""}],"name":"my-elb","name_prefix":null,"tags":null},"after_unknown":{"access_logs":[],"arn":true,"availability_zones":true,"dns_name":true,"health_check":[{}],"id":true,"instances":true,"internal":true,"listener":[{}],"security_groups":true,"source_security_group":true,"source_security_group_id":true,"subnets":true,"tags_all":true,"zone_id":true},"before_sensitive":false,"after_sensitive":{"access_logs":[],"availability_zones":[],"health_check":[{}],"instances":[],"listener":[{}],"security_groups":[],"subnets":[],"tags_all":{}}}},{"address":"aws_instance.app","mode":"managed","type":"aws_instance","name":"app","provider_name":"registry.terraform.io/hashicorp/aws","change":{"actions":["create"],"before":null,"after":{"ami":"ami-0c55b159cbfafe1f0","credit_specification":[],"get_password_data":false,"hibernation":null,"instance_type":"t2.micro","launch_template":[],"source_dest_check":true,"tags":null,"timeouts":null,"user_data":"040c3af4d2cf451b632f188c22f776d5c113fe74","user_data_replace_on_change":false,"volume_tags":null},"after_unknown":{"arn":true,"associate_public_ip_address":true,"availability_zone":true,"capacity_reservation_specification":true,"cpu_core_count":true,"cpu_threads_per_core":true,"credit_specification":[],"disable_api_stop":true,"disable_api_termination":true,"ebs_block_device":true,"ebs_optimized":true,"enclave_options":true,"ephemeral_block_device":true,"host_id":true,"host_resource_group_arn":true,"iam_instance_profile":true,"id":true,"instance_initiated_shutdown_behavior":true,"instance_state":true,"ipv6_address_count":true,"ipv6_addresses":true,"key_name":true,"launch_template":[],"maintenance_options":true,"metadata_options":true,"monitoring":true,"network_interface":true,"outpost_arn":true,"password_data":true,"placement_group":true,"placement_partition_number":true,"primary_network_interface_id":true,"private_dns":true,"private_dns_name_options":true,"private_ip":true,"public_dns":true,"public_ip":true,"root_block_device":true,"secondary_private_ips":true,"security_groups":true,"subnet_id":true,"tags_all":true,"tenancy":true,"user_data_base64":true,"vpc_security_group_ids":true},"before_sensitive":false,"after_sensitive":{"capacity_reservation_specification":[],"credit_specification":[],"ebs_block_device":[],"enclave_options":[],"ephemeral_block_device":[],"ipv6_addresses":[],"launch_template":[],"maintenance_options":[],"metadata_options":[],"network_interface":[],"private_dns_name_options":[],"root_block_device":[],"secondary_private_ips":[],"security_groups":[],"tags_all":{},"vpc_security_group_ids":[]}}},{"address":"aws_instance.web","mode":"managed","type":"aws_instance","name":"web","provider_name":"registry.terraform.io/hashicorp/aws","change":{"actions":["create"],"before":null,"after":{"ami":"ami-0c55b159cbfafe1f0","credit_specification":[],"get_password_data":false,"hibernation":null,"instance_type":"t2.micro","launch_template":[],"source_dest_check":true,"tags":null,"timeouts":null,"user_data":"db0966a7744388590e02bbb263010bc8e4a89fa0","user_data_replace_on_change":false,"volume_tags":null},"after_unknown":{"arn":true,"associate_public_ip_address":true,"availability_zone":true,"capacity_reservation_specification":true,"cpu_core_count":true,"cpu_threads_per_core":true,"credit_specification":[],"disable_api_stop":true,"disable_api_termination":true,"ebs_block_device":true,"ebs_optimized":true,"enclave_options":true,"ephemeral_block_device":true,"host_id":true,"host_resource_group_arn":true,"iam_instance_profile":true,"id":true,"instance_initiated_shutdown_behavior":true,"instance_state":true,"ipv6_address_count":true,"ipv6_addresses":true,"key_name":true,"launch_template":[],"maintenance_options":true,"metadata_options":true,"monitoring":true,"network_interface":true,"outpost_arn":true,"password_data":true,"placement_group":true,"placement_partition_number":true,"primary_network_interface_id":true,"private_dns":true,"private_dns_name_options":true,"private_ip":true,"public_dns":true,"public_ip":true,"root_block_device":true,"secondary_private_ips":true,"security_groups":true,"subnet_id":true,"tags_all":true,"tenancy":true,"user_data_base64":true,"vpc_security_group_ids":true},"before_sensitive":false,"after_sensitive":{"capacity_reservation_specification":[],"credit_specification":[],"ebs_block_device":[],"enclave_options":[],"ephemeral_block_device":[],"ipv6_addresses":[],"launch_template":[],"maintenance_options":[],"metadata_options":[],"network_interface":[],"private_dns_name_options":[],"root_block_device":[],"secondary_private_ips":[],"security_groups":[],"tags_all":{},"vpc_security_group_ids":[]}}},{"address":"aws_route53_record.main","mode":"managed","type":"aws_route53_record","name":"main","provider_name":"registry.terraform.io/hashicorp/aws","change":{"actions":["create"],"before":null,"after":{"alias":[{"evaluate_target_health":true}],"cidr_routing_policy":[],"failover_routing_policy":[],"geolocation_routing_policy":[],"health_check_id":null,"latency_routing_policy":[],"multivalue_answer_routing_policy":null,"name":"manish.com","records":null,"set_identifier":null,"ttl":null,"type":"A","weighted_routing_policy":[]},"after_unknown":{"alias":[{"name":true,"zone_id":true}],"allow_overwrite":true,"cidr_routing_policy":[],"failover_routing_policy":[],"fqdn":true,"geolocation_routing_policy":[],"id":true,"latency_routing_policy":[],"weighted_routing_policy":[],"zone_id":true},"before_sensitive":false,"after_sensitive":{"alias":[{}],"cidr_routing_policy":[],"failover_routing_policy":[],"geolocation_routing_policy":[],"latency_routing_policy":[],"weighted_routing_policy":[]}}},{"address":"aws_route53_zone.main","mode":"managed","type":"aws_route53_zone","name":"main","provider_name":"registry.terraform.io/hashicorp/aws","change":{"actions":["create"],"before":null,"after":{"comment":"Managed by Terraform","delegation_set_id":null,"force_destroy":false,"name":"manish.com","tags":null,"vpc":[]},"after_unknown":{"arn":true,"id":true,"name_servers":true,"primary_name_server":true,"tags_all":true,"vpc":[],"zone_id":true},"before_sensitive":false,"after_sensitive":{"name_servers":[],"tags_all":{},"vpc":[]}}},{"address":"aws_s3_bucket.static","mode":"managed","type":"aws_s3_bucket","name":"static","provider_name":"registry.terraform.io/hashicorp/aws","change":{"actions":["create"],"before":null,"after":{"acl":"public-read","bucket":"manish-static-files","bucket_prefix":null,"force_destroy":false,"tags":null,"timeouts":null,"website":[{"error_document":"404.html","index_document":"index.html","redirect_all_requests_to":null,"routing_rules":null}]},"after_unknown":{"acceleration_status":true,"arn":true,"bucket_domain_name":true,"bucket_regional_domain_name":true,"cors_rule":true,"grant":true,"hosted_zone_id":true,"id":true,"lifecycle_rule":true,"logging":true,"object_lock_configuration":true,"object_lock_enabled":true,"policy":true,"region":true,"replication_configuration":true,"request_payer":true,"server_side_encryption_configuration":true,"tags_all":true,"versioning":true,"website":[{}],"website_domain":true,"website_endpoint":true},"before_sensitive":false,"after_sensitive":{"cors_rule":[],"grant":[],"lifecycle_rule":[],"logging":[],"object_lock_configuration":[],"replication_configuration":[],"server_side_encryption_configuration":[],"tags_all":{},"versioning":[],"website":[{}]}}},{"address":"aws_security_group.private","mode":"managed","type":"aws_security_group","name":"private","provider_name":"registry.terraform.io/hashicorp/aws","change":{"actions":["create"],"before":null,"after":{"description":"Managed by Terraform","ingress":[{"cidr_blocks":[],"description":"","from_port":5432,"ipv6_cidr_blocks":[],"prefix_list_ids":[],"protocol":"tcp","self":false,"to_port":5432}],"name_prefix":"private","revoke_rules_on_delete":false,"tags":null,"timeouts":null},"after_unknown":{"arn":true,"egress":true,"id":true,"ingress":[{"cidr_blocks":[],"ipv6_cidr_blocks":[],"prefix_list_ids":[],"security_groups":true}],"name":true,"owner_id":true,"tags_all":true,"vpc_id":true},"before_sensitive":false,"after_sensitive":{"egress":[],"ingress":[{"cidr_blocks":[],"ipv6_cidr_blocks":[],"prefix_list_ids":[],"security_groups":[]}],"tags_all":{}}}},{"address":"aws_security_group.public","mode":"managed","type":"aws_security_group","name":"public","provider_name":"registry.terraform.io/hashicorp/aws","change":{"actions":["create"],"before":null,"after":{"description":"Managed by Terraform","ingress":[{"cidr_blocks":["0.0.0.0/0"],"description":"","from_port":80,"ipv6_cidr_blocks":[],"prefix_list_ids":[],"protocol":"tcp","security_groups":[],"self":false,"to_port":80}],"name_prefix":"public","revoke_rules_on_delete":false,"tags":null,"timeouts":null},"after_unknown":{"arn":true,"egress":true,"id":true,"ingress":[{"cidr_blocks":[false],"ipv6_cidr_blocks":[],"prefix_list_ids":[],"security_groups":[]}],"name":true,"owner_id":true,"tags_all":true,"vpc_id":true},"before_sensitive":false,"after_sensitive":{"egress":[],"ingress":[{"cidr_blocks":[false],"ipv6_cidr_blocks":[],"prefix_list_ids":[],"security_groups":[]}],"tags_all":{}}}},{"address":"aws_subnet.private","mode":"managed","type":"aws_subnet","name":"private","provider_name":"registry.terraform.io/hashicorp/aws","change":{"actions":["create"],"before":null,"after":{"assign_ipv6_address_on_creation":false,"availability_zone":"us-east-1b","cidr_block":"10.0.2.0/24","customer_owned_ipv4_pool":null,"enable_dns64":false,"enable_resource_name_dns_a_record_on_launch":false,"enable_resource_name_dns_aaaa_record_on_launch":false,"ipv6_cidr_block":null,"ipv6_native":false,"map_customer_owned_ip_on_launch":null,"map_public_ip_on_launch":false,"outpost_arn":null,"tags":{"Name":"private"},"tags_all":{"Name":"private"},"timeouts":null},"after_unknown":{"arn":true,"availability_zone_id":true,"id":true,"ipv6_cidr_block_association_id":true,"owner_id":true,"private_dns_hostname_type_on_launch":true,"tags":{},"tags_all":{},"vpc_id":true},"before_sensitive":false,"after_sensitive":{"tags":{},"tags_all":{}}}},{"address":"aws_subnet.public","mode":"managed","type":"aws_subnet","name":"public","provider_name":"registry.terraform.io/hashicorp/aws","change":{"actions":["create"],"before":null,"after":{"assign_ipv6_address_on_creation":false,"availability_zone":"us-east-1a","cidr_block":"10.0.1.0/24","customer_owned_ipv4_pool":null,"enable_dns64":false,"enable_resource_name_dns_a_record_on_launch":false,"enable_resource_name_dns_aaaa_record_on_launch":false,"ipv6_cidr_block":null,"ipv6_native":false,"map_customer_owned_ip_on_launch":null,"map_public_ip_on_launch":true,"outpost_arn":null,"tags":{"Name":"public"},"tags_all":{"Name":"public"},"timeouts":null},"after_unknown":{"arn":true,"availability_zone_id":true,"id":true,"ipv6_cidr_block_association_id":true,"owner_id":true,"private_dns_hostname_type_on_launch":true,"tags":{},"tags_all":{},"vpc_id":true},"before_sensitive":false,"after_sensitive":{"tags":{},"tags_all":{}}}},{"address":"aws_vpc.main","mode":"managed","type":"aws_vpc","name":"main","provider_name":"registry.terraform.io/hashicorp/aws","change":{"actions":["create"],"before":null,"after":{"assign_generated_ipv6_cidr_block":null,"cidr_block":"10.0.0.0/16","enable_dns_support":true,"instance_tenancy":"default","ipv4_ipam_pool_id":null,"ipv4_netmask_length":null,"ipv6_ipam_pool_id":null,"ipv6_netmask_length":null,"tags":{"Name":"main"},"tags_all":{"Name":"main"}},"after_unknown":{"arn":true,"default_network_acl_id":true,"default_route_table_id":true,"default_security_group_id":true,"dhcp_options_id":true,"enable_classiclink":true,"enable_classiclink_dns_support":true,"enable_dns_hostnames":true,"enable_network_address_usage_metrics":true,"id":true,"ipv6_association_id":true,"ipv6_cidr_block":true,"ipv6_cidr_block_network_border_group":true,"main_route_table_id":true,"owner_id":true,"tags":{},"tags_all":{}},"before_sensitive":false,"after_sensitive":{"tags":{},"tags_all":{}}}}],"configuration":{"provider_config":{"aws":{"name":"aws","full_name":"registry.terraform.io/hashicorp/aws","expressions":{"region":{"constant_value":"us-east-1"}}}},"root_module":{"resources":[{"address":"aws_cloudfront_distribution.main","mode":"managed","type":"aws_cloudfront_distribution","name":"main","provider_config_key":"aws","expressions":{"aliases":{"constant_value":["www.manish.com","manish.com"]},"default_cache_behavior":[{"allowed_methods":{"constant_value":["GET","HEAD","OPTIONS"]},"cached_methods":{"constant_value":["GET","HEAD","OPTIONS"]},"default_ttl":{"constant_value":3600},"forwarded_values":[{"cookies":[{"forward":{"constant_value":"none"}}],"query_string":{"constant_value":false}}],"max_ttl":{"constant_value":86400},"min_ttl":{"constant_value":0},"target_origin_id":{"constant_value":"S3-manish-static-files"},"viewer_protocol_policy":{"constant_value":"redirect-to-https"}}],"default_root_object":{"constant_value":"index.html"},"enabled":{"constant_value":true},"is_ipv6_enabled":{"constant_value":true},"origin":[{"domain_name":{"references":["aws_s3_bucket.static.bucket_regional_domain_name","aws_s3_bucket.static"]},"origin_id":{"constant_value":"S3-manish-static-files"}}],"price_class":{"constant_value":"PriceClass_100"},"restrictions":[{"geo_restriction":[{"locations":{"constant_value":["US","CA","GB","DE"]},"restriction_type":{"constant_value":"whitelist"}}]}],"viewer_certificate":[{"cloudfront_default_certificate":{"constant_value":true}}]},"schema_version":1},{"address":"aws_db_instance.postgres","mode":"managed","type":"aws_db_instance","name":"postgres","provider_config_key":"aws","expressions":{"allocated_storage":{"constant_value":10},"db_name":{"constant_value":"mydb"},"db_subnet_group_name":{"constant_value":"mydb-subnet-group"},"engine":{"constant_value":"postgres"},"engine_version":{"constant_value":"11.4"},"instance_class":{"constant_value":"db.t2.micro"},"parameter_group_name":{"constant_value":"default.postgres11"},"password":{"constant_value":"password"},"skip_final_snapshot":{"constant_value":true},"tags":{"constant_value":{"Name":"mydb"}},"username":{"constant_value":"admin"},"vpc_security_group_ids":{"references":["aws_security_group.private.id","aws_security_group.private"]}},"schema_version":1},{"address":"aws_elb.main","mode":"managed","type":"aws_elb","name":"main","provider_config_key":"aws","expressions":{"health_check":[{"healthy_threshold":{"constant_value":2},"interval":{"constant_value":30},"target":{"constant_value":"HTTP:80/"},"timeout":{"constant_value":3},"unhealthy_threshold":{"constant_value":2}}],"listener":[{"instance_port":{"constant_value":80},"instance_protocol":{"constant_value":"http"},"lb_port":{"constant_value":80},"lb_protocol":{"constant_value":"http"}}],"name":{"constant_value":"my-elb"},"security_groups":{"references":["aws_security_group.public.id","aws_security_group.public"]},"subnets":{"references":["aws_subnet.public.id","aws_subnet.public"]}},"schema_version":0},{"address":"aws_instance.app","mode":"managed","type":"aws_instance","name":"app","provider_config_key":"aws","expressions":{"ami":{"constant_value":"ami-0c55b159cbfafe1f0"},"instance_type":{"constant_value":"t2.micro"},"security_groups":{"references":["aws_security_group.private.id","aws_security_group.private"]},"subnet_id":{"references":["aws_subnet.private.id","aws_subnet.private"]},"user_data":{"constant_value":"#!/bin/bash\nsudo apt-get update\nsudo apt-get install -y docker.io\n"}},"schema_version":1},{"address":"aws_instance.web","mode":"managed","type":"aws_instance","name":"web","provider_config_key":"aws","expressions":{"ami":{"constant_value":"ami-0c55b159cbfafe1f0"},"instance_type":{"constant_value":"t2.micro"},"security_groups":{"references":["aws_security_group.public.id","aws_security_group.public"]},"subnet_id":{"references":["aws_subnet.public.id","aws_subnet.public"]},"user_data":{"constant_value":"#!/bin/bash\nsudo apt-get update\nsudo apt-get install -y apache2\n"}},"schema_version":1},{"address":"aws_route53_record.main","mode":"managed","type":"aws_route53_record","name":"main","provider_config_key":"aws","expressions":{"alias":[{"evaluate_target_health":{"constant_value":true},"name":{"references":["aws_cloudfront_distribution.main.domain_name","aws_cloudfront_distribution.main"]},"zone_id":{"references":["aws_cloudfront_distribution.main.hosted_zone_id","aws_cloudfront_distribution.main"]}}],"name":{"constant_value":"manish.com"},"type":{"constant_value":"A"},"zone_id":{"references":["aws_route53_zone.main.id","aws_route53_zone.main"]}},"schema_version":2},{"address":"aws_route53_zone.main","mode":"managed","type":"aws_route53_zone","name":"main","provider_config_key":"aws","expressions":{"name":{"constant_value":"manish.com"}},"schema_version":0},{"address":"aws_s3_bucket.static","mode":"managed","type":"aws_s3_bucket","name":"static","provider_config_key":"aws","expressions":{"acl":{"constant_value":"public-read"},"bucket":{"constant_value":"manish-static-files"},"website":[{"error_document":{"constant_value":"404.html"},"index_document":{"constant_value":"index.html"}}]},"schema_version":0},{"address":"aws_security_group.private","mode":"managed","type":"aws_security_group","name":"private","provider_config_key":"aws","expressions":{"ingress":{"references":["aws_security_group.public.id","aws_security_group.public"]},"name_prefix":{"constant_value":"private"},"vpc_id":{"references":["aws_vpc.main.id","aws_vpc.main"]}},"schema_version":1},{"address":"aws_security_group.public","mode":"managed","type":"aws_security_group","name":"public","provider_config_key":"aws","expressions":{"ingress":{"constant_value":[{"cidr_blocks":["0.0.0.0/0"],"description":null,"from_port":80,"ipv6_cidr_blocks":null,"prefix_list_ids":null,"protocol":"tcp","security_groups":null,"self":null,"to_port":80}]},"name_prefix":{"constant_value":"public"},"vpc_id":{"references":["aws_vpc.main.id","aws_vpc.main"]}},"schema_version":1},{"address":"aws_subnet.private","mode":"managed","type":"aws_subnet","name":"private","provider_config_key":"aws","expressions":{"availability_zone":{"constant_value":"us-east-1b"},"cidr_block":{"constant_value":"10.0.2.0/24"},"tags":{"constant_value":{"Name":"private"}},"vpc_id":{"references":["aws_vpc.main.id","aws_vpc.main"]}},"schema_version":1},{"address":"aws_subnet.public","mode":"managed","type":"aws_subnet","name":"public","provider_config_key":"aws","expressions":{"availability_zone":{"constant_value":"us-east-1a"},"cidr_block":{"constant_value":"10.0.1.0/24"},"map_public_ip_on_launch":{"constant_value":true},"tags":{"constant_value":{"Name":"public"}},"vpc_id":{"references":["aws_vpc.main.id","aws_vpc.main"]}},"schema_version":1},{"address":"aws_vpc.main","mode":"managed","type":"aws_vpc","name":"main","provider_config_key":"aws","expressions":{"cidr_block":{"constant_value":"10.0.0.0/16"},"tags":{"constant_value":{"Name":"main"}}},"schema_version":1}]}},"relevant_attributes":[{"resource":"aws_vpc.main","attribute":["id"]},{"resource":"aws_security_group.private","attribute":["id"]},{"resource":"aws_subnet.private","attribute":["id"]},{"resource":"aws_security_group.public","attribute":["id"]},{"resource":"aws_subnet.public","attribute":["id"]},{"resource":"aws_s3_bucket.static","attribute":["bucket_regional_domain_name"]},{"resource":"aws_route53_zone.main","attribute":["id"]},{"resource":"aws_cloudfront_distribution.main","attribute":["domain_name"]},{"resource":"aws_cloudfront_distribution.main","attribute":["hosted_zone_id"]}]}
